
Microsoft Visual Studio Solution File, Format Version 12.00
# Visual Studio Version 16
VisualStudioVersion = 16.0.30804.86
MinimumVisualStudioVersion = 10.0.40219.1
Project("{FAE04EC0-301F-11D3-BF4B-00C04F79EFBC}") = "JMW", "JMW\JMW.csproj", "{09DE972F-E558-4E4C-9A01-F31E8F99359C}"
EndProject
Project("{9A19103F-16F7-4668-BE54-9A1E7A4F7556}") = "JMW.Tests", "JMW.Tests\JMW.Tests.csproj", "{B9EEEF0F-B6D4-41D1-9BCD-AD73C58EBA4C}"
EndProject
Project("{9A19103F-16F7-4668-BE54-9A1E7A4F7556}") = "JMW.Templates", "JMW.Templates\JMW.Templates.csproj", "{E7A342B5-3191-422B-B2D1-8F23EAD701DC}"
EndProject
Project("{9A19103F-16F7-4668-BE54-9A1E7A4F7556}") = "JMW.Parsing", "JMW.Parsing\JMW.Parsing.csproj", "{3AA49893-32B0-48D3-A486-C00CF709D276}"
EndProject
Project("{9A19103F-16F7-4668-BE54-9A1E7A4F7556}") = "JMW.Networking", "JMW.Networking\JMW.Networking.csproj", "{958EF8D4-69B5-4FB4-AB0D-A992451D5BE8}"
EndProject
Project("{2150E333-8FDC-42A3-9474-1A3956D46DE8}") = "Solution Items", "Solution Items", "{C2B64C80-4C9B-4F44-8E05-D5547C11D92A}"
	ProjectSection(SolutionItems) = preProject
		.editorconfig = .editorconfig
		.github\workflows\codeql-analysis.yml = .github\workflows\codeql-analysis.yml
		.github\workflows\dotnet.yml = .github\workflows\dotnet.yml
		.github\workflows\nuget.yml = .github\workflows\nuget.yml
	EndProjectSection
EndProject
Global
	GlobalSection(SolutionConfigurationPlatforms) = preSolution
		Debug|Any CPU = Debug|Any CPU
		Release|Any CPU = Release|Any CPU
	EndGlobalSection
	GlobalSection(ProjectConfigurationPlatforms) = postSolution
		{09DE972F-E558-4E4C-9A01-F31E8F99359C}.Debug|Any CPU.ActiveCfg = Debug|Any CPU
		{09DE972F-E558-4E4C-9A01-F31E8F99359C}.Debug|Any CPU.Build.0 = Debug|Any CPU
		{09DE972F-E558-4E4C-9A01-F31E8F99359C}.Release|Any CPU.ActiveCfg = Release|Any CPU
		{09DE972F-E558-4E4C-9A01-F31E8F99359C}.Release|Any CPU.Build.0 = Release|Any CPU
		{B9EEEF0F-B6D4-41D1-9BCD-AD73C58EBA4C}.Debug|Any CPU.ActiveCfg = Debug|Any CPU
		{B9EEEF0F-B6D4-41D1-9BCD-AD73C58EBA4C}.Debug|Any CPU.Build.0 = Debug|Any CPU
		{B9EEEF0F-B6D4-41D1-9BCD-AD73C58EBA4C}.Release|Any CPU.ActiveCfg = Release|Any CPU
		{B9EEEF0F-B6D4-41D1-9BCD-AD73C58EBA4C}.Release|Any CPU.Build.0 = Release|Any CPU
		{E7A342B5-3191-422B-B2D1-8F23EAD701DC}.Debug|Any CPU.ActiveCfg = Debug|Any CPU
		{E7A342B5-3191-422B-B2D1-8F23EAD701DC}.Debug|Any CPU.Build.0 = Debug|Any CPU
		{E7A342B5-3191-422B-B2D1-8F23EAD701DC}.Release|Any CPU.ActiveCfg = Release|Any CPU
		{E7A342B5-3191-422B-B2D1-8F23EAD701DC}.Release|Any CPU.Build.0 = Release|Any CPU
		{3AA49893-32B0-48D3-A486-C00CF709D276}.Debug|Any CPU.ActiveCfg = Debug|Any CPU
		{3AA49893-32B0-48D3-A486-C00CF709D276}.Debug|Any CPU.Build.0 = Debug|Any CPU
		{3AA49893-32B0-48D3-A486-C00CF709D276}.Release|Any CPU.ActiveCfg = Release|Any CPU
		{3AA49893-32B0-48D3-A486-C00CF709D276}.Release|Any CPU.Build.0 = Release|Any CPU
		{958EF8D4-69B5-4FB4-AB0D-A992451D5BE8}.Debug|Any CPU.ActiveCfg = Debug|Any CPU
		{958EF8D4-69B5-4FB4-AB0D-A992451D5BE8}.Debug|Any CPU.Build.0 = Debug|Any CPU
		{958EF8D4-69B5-4FB4-AB0D-A992451D5BE8}.Release|Any CPU.ActiveCfg = Release|Any CPU
		{958EF8D4-69B5-4FB4-AB0D-A992451D5BE8}.Release|Any CPU.Build.0 = Release|Any CPU
	EndGlobalSection
	GlobalSection(SolutionProperties) = preSolution
		HideSolutionNode = FALSE
	EndGlobalSection
	GlobalSection(ExtensibilityGlobals) = postSolution
		SolutionGuid = {D21EF7F8-40C0-4635-B94B-1D7708021D49}
	EndGlobalSection
EndGlobal
